dependencies:
  esp_Gamepad:
    component_hash: 46b02640fb93a6a622e9e5ea2c388d7a827271fab817f5d65ae75328139f2642
    dependencies:
    - git: https://github.com/Abhinaya-Restek-UNY/esp_PresistentConfig.git
      name: esp_PresistentConfig
    - name: idf
      version: '>=4.4'
    source:
      git: https://github.com/Abhinaya-Restek-UNY/esp_Gamepad.git
      path: .
      type: git
    version: 8c726dac978f0b806a29b0950f52db9fce6271ba
  esp_PWMManager:
    component_hash: d6162c1c2584c265dac28e786f1b0f586300d646e44cb74862aa673eb32ef71c
    dependencies: []
    source:
      git: https://github.com/Abhinaya-Restek-UNY/esp_PWMManager.git
      path: .
      type: git
    version: 89bea689f51e4fbf4c967a550863a9c2d2d3e1ef
  esp_PresistentConfig:
    component_hash: 1ab4708e69d9c63641f3eefe094a863da253479ad6216378a37f96cfc678ae1f
    dependencies: []
    source:
      git: https://github.com/Abhinaya-Restek-UNY/esp_PresistentConfig.git
      path: .
      type: git
    version: acb5bc0aa4cb3ccf66883ac141472065463345e1
  idf:
    source:
      type: idf
    version: 5.5.2
direct_dependencies:
- esp_Gamepad
- esp_PWMManager
- esp_PresistentConfig
- idf
manifest_hash: 28dfd1367ab1125b6d464f64af6699d3f2995291f7b12f7343b4708036e69d07
target: esp32
version: 2.0.0
